
Microsoft Visual Studio Solution File, Format Version 12.00
# Visual Studio Version 16
VisualStudioVersion = 16.0.31702.278
MinimumVisualStudioVersion = 10.0.40219.1
Project("{8BC9CEB8-8B4A-11D0-8D11-00A0C91BC942}") = "MEtodo lista reverse", "MEtodo lista reverse\MEtodo lista reverse.vcxproj", "{8916B485-E0E9-4334-A70F-42A0BB02608B}"
EndProject
Global
	GlobalSection(SolutionConfigurationPlatforms) = preSolution
		Debug|x64 = Debug|x64
		Debug|x86 = Debug|x86
		Release|x64 = Release|x64
		Release|x86 = Release|x86
	EndGlobalSection
	GlobalSection(ProjectConfigurationPlatforms) = postSolution
		{8916B485-E0E9-4334-A70F-42A0BB02608B}.Debug|x64.ActiveCfg = Debug|x64
		{8916B485-E0E9-4334-A70F-42A0BB02608B}.Debug|x64.Build.0 = Debug|x64
		{8916B485-E0E9-4334-A70F-42A0BB02608B}.Debug|x86.ActiveCfg = Debug|Win32
		{8916B485-E0E9-4334-A70F-42A0BB02608B}.Debug|x86.Build.0 = Debug|Win32
		{8916B485-E0E9-4334-A70F-42A0BB02608B}.Release|x64.ActiveCfg = Release|x64
		{8916B485-E0E9-4334-A70F-42A0BB02608B}.Release|x64.Build.0 = Release|x64
		{8916B485-E0E9-4334-A70F-42A0BB02608B}.Release|x86.ActiveCfg = Release|Win32
		{8916B485-E0E9-4334-A70F-42A0BB02608B}.Release|x86.Build.0 = Release|Win32
	EndGlobalSection
	GlobalSection(SolutionProperties) = preSolution
		HideSolutionNode = FALSE
	EndGlobalSection
	GlobalSection(ExtensibilityGlobals) = postSolution
		SolutionGuid = {330526D7-FA3D-499E-AD88-89993D390B61}
	EndGlobalSection
EndGlobal
